
Microsoft Visual Studio Solution File, Format Version 12.00
# Visual Studio Version 16
VisualStudioVersion = 16.0.31402.337
MinimumVisualStudioVersion = 10.0.40219.1
Project("{8BC9CEB8-8B4A-11D0-8D11-00A0C91BC942}") = "HelloWorld_Takahashi", "HelloWorld_Takahashi\HelloWorld_Takahashi.vcxproj", "{D8CB3CBD-778E-40C2-964E-516F1C18FD16}"
EndProject
Global
	GlobalSection(SolutionConfigurationPlatforms) = preSolution
		Debug|x64 = Debug|x64
		Debug|x86 = Debug|x86
		Release|x64 = Release|x64
		Release|x86 = Release|x86
	EndGlobalSection
	GlobalSection(ProjectConfigurationPlatforms) = postSolution
		{D8CB3CBD-778E-40C2-964E-516F1C18FD16}.Debug|x64.ActiveCfg = Debug|x64
		{D8CB3CBD-778E-40C2-964E-516F1C18FD16}.Debug|x64.Build.0 = Debug|x64
		{D8CB3CBD-778E-40C2-964E-516F1C18FD16}.Debug|x86.ActiveCfg = Debug|Win32
		{D8CB3CBD-778E-40C2-964E-516F1C18FD16}.Debug|x86.Build.0 = Debug|Win32
		{D8CB3CBD-778E-40C2-964E-516F1C18FD16}.Release|x64.ActiveCfg = Release|x64
		{D8CB3CBD-778E-40C2-964E-516F1C18FD16}.Release|x64.Build.0 = Release|x64
		{D8CB3CBD-778E-40C2-964E-516F1C18FD16}.Release|x86.ActiveCfg = Release|Win32
		{D8CB3CBD-778E-40C2-964E-516F1C18FD16}.Release|x86.Build.0 = Release|Win32
	EndGlobalSection
	GlobalSection(SolutionProperties) = preSolution
		HideSolutionNode = FALSE
	EndGlobalSection
	GlobalSection(ExtensibilityGlobals) = postSolution
		SolutionGuid = {2BC26022-3132-4357-A265-04CCC94348A7}
	EndGlobalSection
EndGlobal
